
Microsoft Visual Studio Solution File, Format Version 12.00
# Visual Studio 15
VisualStudioVersion = 15.0.26430.16
MinimumVisualStudioVersion = 10.0.40219.1
Project("{FAE04EC0-301F-11D3-BF4B-00C04F79EFBC}") = "Inventory.Server", "Sample\Inventory.Server\Inventory.Server.csproj", "{ADF10024-6C96-4C73-9FBC-EDB23B0555BD}"
EndProject
Project("{2150E333-8FDC-42A3-9474-1A3956D46DE8}") = "Sample", "Sample", "{3755E56F-1F69-40FE-AA7F-EA7EECD36415}"
EndProject
Project("{FAE04EC0-301F-11D3-BF4B-00C04F79EFBC}") = "Eventing.Core", "Eventing.Core\Eventing.Core.csproj", "{D8A3116A-5C51-4A6F-B364-512948E5A792}"
EndProject
Project("{FAE04EC0-301F-11D3-BF4B-00C04F79EFBC}") = "Inventory.Domain", "Sample\Inventory.Domain\Inventory.Domain.csproj", "{51572F38-E4D9-4AE3-B766-BE5B45C94E94}"
EndProject
Project("{FAE04EC0-301F-11D3-BF4B-00C04F79EFBC}") = "Inventory.Domain.Tests", "Sample\Inventory.Domain.Tests\Inventory.Domain.Tests.csproj", "{5D175059-8F21-435C-AF33-6BABF43FBD17}"
EndProject
Project("{FAE04EC0-301F-11D3-BF4B-00C04F79EFBC}") = "Eventing.TestHelpers", "Eventing.TestHelpers\Eventing.TestHelpers.csproj", "{C4BA7FA1-B2F9-4543-8013-5ECC3BED5B50}"
EndProject
Project("{FAE04EC0-301F-11D3-BF4B-00C04F79EFBC}") = "Eventing.GetEventStore", "Eventing.GetEventStore\Eventing.GetEventStore.csproj", "{7C1FC9BB-A213-4E09-8FD2-F13ADFA758B4}"
EndProject
Global
	GlobalSection(SolutionConfigurationPlatforms) = preSolution
		Debug|Any CPU = Debug|Any CPU
		Release|Any CPU = Release|Any CPU
	EndGlobalSection
	GlobalSection(ProjectConfigurationPlatforms) = postSolution
		{ADF10024-6C96-4C73-9FBC-EDB23B0555BD}.Debug|Any CPU.ActiveCfg = Debug|Any CPU
		{ADF10024-6C96-4C73-9FBC-EDB23B0555BD}.Debug|Any CPU.Build.0 = Debug|Any CPU
		{ADF10024-6C96-4C73-9FBC-EDB23B0555BD}.Release|Any CPU.ActiveCfg = Release|Any CPU
		{ADF10024-6C96-4C73-9FBC-EDB23B0555BD}.Release|Any CPU.Build.0 = Release|Any CPU
		{D8A3116A-5C51-4A6F-B364-512948E5A792}.Debug|Any CPU.ActiveCfg = Debug|Any CPU
		{D8A3116A-5C51-4A6F-B364-512948E5A792}.Debug|Any CPU.Build.0 = Debug|Any CPU
		{D8A3116A-5C51-4A6F-B364-512948E5A792}.Release|Any CPU.ActiveCfg = Release|Any CPU
		{D8A3116A-5C51-4A6F-B364-512948E5A792}.Release|Any CPU.Build.0 = Release|Any CPU
		{51572F38-E4D9-4AE3-B766-BE5B45C94E94}.Debug|Any CPU.ActiveCfg = Debug|Any CPU
		{51572F38-E4D9-4AE3-B766-BE5B45C94E94}.Debug|Any CPU.Build.0 = Debug|Any CPU
		{51572F38-E4D9-4AE3-B766-BE5B45C94E94}.Release|Any CPU.ActiveCfg = Release|Any CPU
		{51572F38-E4D9-4AE3-B766-BE5B45C94E94}.Release|Any CPU.Build.0 = Release|Any CPU
		{5D175059-8F21-435C-AF33-6BABF43FBD17}.Debug|Any CPU.ActiveCfg = Debug|Any CPU
		{5D175059-8F21-435C-AF33-6BABF43FBD17}.Debug|Any CPU.Build.0 = Debug|Any CPU
		{5D175059-8F21-435C-AF33-6BABF43FBD17}.Release|Any CPU.ActiveCfg = Release|Any CPU
		{5D175059-8F21-435C-AF33-6BABF43FBD17}.Release|Any CPU.Build.0 = Release|Any CPU
		{C4BA7FA1-B2F9-4543-8013-5ECC3BED5B50}.Debug|Any CPU.ActiveCfg = Debug|Any CPU
		{C4BA7FA1-B2F9-4543-8013-5ECC3BED5B50}.Debug|Any CPU.Build.0 = Debug|Any CPU
		{C4BA7FA1-B2F9-4543-8013-5ECC3BED5B50}.Release|Any CPU.ActiveCfg = Release|Any CPU
		{C4BA7FA1-B2F9-4543-8013-5ECC3BED5B50}.Release|Any CPU.Build.0 = Release|Any CPU
		{7C1FC9BB-A213-4E09-8FD2-F13ADFA758B4}.Debug|Any CPU.ActiveCfg = Debug|Any CPU
		{7C1FC9BB-A213-4E09-8FD2-F13ADFA758B4}.Debug|Any CPU.Build.0 = Debug|Any CPU
		{7C1FC9BB-A213-4E09-8FD2-F13ADFA758B4}.Release|Any CPU.ActiveCfg = Release|Any CPU
		{7C1FC9BB-A213-4E09-8FD2-F13ADFA758B4}.Release|Any CPU.Build.0 = Release|Any CPU
	EndGlobalSection
	GlobalSection(SolutionProperties) = preSolution
		HideSolutionNode = FALSE
	EndGlobalSection
	GlobalSection(NestedProjects) = preSolution
		{ADF10024-6C96-4C73-9FBC-EDB23B0555BD} = {3755E56F-1F69-40FE-AA7F-EA7EECD36415}
		{51572F38-E4D9-4AE3-B766-BE5B45C94E94} = {3755E56F-1F69-40FE-AA7F-EA7EECD36415}
		{5D175059-8F21-435C-AF33-6BABF43FBD17} = {3755E56F-1F69-40FE-AA7F-EA7EECD36415}
	EndGlobalSection
EndGlobal
