
Microsoft Visual Studio Solution File, Format Version 12.00
# Visual Studio Version 16
VisualStudioVersion = 16.0.29102.190
MinimumVisualStudioVersion = 10.0.40219.1
Project("{9A19103F-16F7-4668-BE54-9A1E7A4F7556}") = "Infrastructure", "Infrastructure\Infrastructure.csproj", "{8B653208-F1FB-42F5-9535-4D2B4E5C865A}"
EndProject
Global
	GlobalSection(SolutionConfigurationPlatforms) = preSolution
		Debug|Any CPU = Debug|Any CPU
		Debug|x86 = Debug|x86
		Release|Any CPU = Release|Any CPU
		Release|x86 = Release|x86
	EndGlobalSection
	GlobalSection(ProjectConfigurationPlatforms) = postSolution
		{8B653208-F1FB-42F5-9535-4D2B4E5C865A}.Debug|Any CPU.ActiveCfg = Debug|Any CPU
		{8B653208-F1FB-42F5-9535-4D2B4E5C865A}.Debug|Any CPU.Build.0 = Debug|Any CPU
		{8B653208-F1FB-42F5-9535-4D2B4E5C865A}.Debug|x86.ActiveCfg = Debug|x86
		{8B653208-F1FB-42F5-9535-4D2B4E5C865A}.Debug|x86.Build.0 = Debug|x86
		{8B653208-F1FB-42F5-9535-4D2B4E5C865A}.Release|Any CPU.ActiveCfg = Release|Any CPU
		{8B653208-F1FB-42F5-9535-4D2B4E5C865A}.Release|Any CPU.Build.0 = Release|Any CPU
		{8B653208-F1FB-42F5-9535-4D2B4E5C865A}.Release|x86.ActiveCfg = Release|x86
		{8B653208-F1FB-42F5-9535-4D2B4E5C865A}.Release|x86.Build.0 = Release|x86
	EndGlobalSection
	GlobalSection(SolutionProperties) = preSolution
		HideSolutionNode = FALSE
	EndGlobalSection
	GlobalSection(ExtensibilityGlobals) = postSolution
		SolutionGuid = {1193985D-A5D5-46E2-B1AE-7E175D6E4977}
	EndGlobalSection
EndGlobal
